// !$*UTF8*$!
{
	archiveVersion = 1;
	classes = {
	};
	objectVersion = 46;
	objects = {

/* Begin PBXBuildFile section */
		84EE0E871A509C8900E2CB45 /* main.m in Sources */ = {isa = PBXBuildFile; fileRef = 84EE0E861A509C8900E2CB45 /* main.m */; };
		84EE0E8A1A509C8900E2CB45 /* AppDelegate.m in Sources */ = {isa = PBXBuildFile; fileRef = 84EE0E891A509C8900E2CB45 /* AppDelegate.m */; };
		84EE0E8D1A509C8900E2CB45 /* ViewController.m in Sources */ = {isa = PBXBuildFile; fileRef = 84EE0E8C1A509C8900E2CB45 /* ViewController.m */; };
		84EE0E901A509C8900E2CB45 /* Main.storyboard in Resources */ = {isa = PBXBuildFile; fileRef = 84EE0E8E1A509C8900E2CB45 /* Main.storyboard */; };
		84EE0E921A509C8900E2CB45 /* Images.xcassets in Resources */ = {isa = PBXBuildFile; fileRef = 84EE0E911A509C8900E2CB45 /* Images.xcassets */; };
		84EE0E951A509C8900E2CB45 /* LaunchScreen.xib in Resources */ = {isa = PBXBuildFile; fileRef = 84EE0E931A509C8900E2CB45 /* LaunchScreen.xib */; };
		84EE0EA11A509C8900E2CB45 /* kndooTests.m in Sources */ = {isa = PBXBuildFile; fileRef = 84EE0EA01A509C8900E2CB45 /* kndooTests.m */; };
/* End PBXBuildFile section */

/* Begin PBXContainerItemProxy section */
		84EE0E9B1A509C8900E2CB45 /* PBXContainerItemProxy */ = {
			isa = PBXContainerItemProxy;
			containerPortal = 84EE0E791A509C8800E2CB45 /* Project object */;
			proxyType = 1;
			remoteGlobalIDString = 84EE0E801A509C8800E2CB45;
			remoteInfo = kndoo;
		};
/* End PBXContainerItemProxy section */

/* Begin PBXFileReference section */
		84EE0E811A509C8800E2CB45 /* kndoo.app */ = {isa = PBXFileReference; explicitFileType = wrapper.application; includeInIndex = 0; path = kndoo.app; sourceTree = BUILT_PRODUCTS_DIR; };
		84EE0E851A509C8900E2CB45 /* Info.plist */ = {isa = PBXFileReference; lastKnownFileType = text.plist.xml; path = Info.plist; sourceTree = "<group>"; };
		84EE0E861A509C8900E2CB45 /* main.m */ = {isa = PBXFileReference; lastKnownFileType = sourcecode.c.objc; path = main.m; sourceTree = "<group>"; };
		84EE0E881A509C8900E2CB45 /* AppDelegate.h */ = {isa = PBXFileReference; lastKnownFileType = sourcecode.c.h; path = AppDelegate.h; sourceTree = "<group>"; };
		84EE0E891A509C8900E2CB45 /* AppDelegate.m */ = {isa = PBXFileReference; lastKnownFileType = sourcecode.c.objc; path = AppDelegate.m; sourceTree = "<group>"; };
		84EE0E8B1A509C8900E2CB45 /* ViewController.h */ = {isa = PBXFileReference; lastKnownFileType = sourcecode.c.h; path = ViewController.h; sourceTree = "<group>"; };
		84EE0E8C1A509C8900E2CB45 /* ViewController.m */ = {isa = PBXFileReference; lastKnownFileType = sourcecode.c.objc; path = ViewController.m; sourceTree = "<group>"; };
		84EE0E8F1A509C8900E2CB45 /* Base */ = {isa = PBXFileReference; lastKnownFileType = file.storyboard; name = Base; path = Base.lproj/Main.storyboard; sourceTree = "<group>"; };
		84EE0E911A509C8900E2CB45 /* Images.xcassets */ = {isa = PBXFileReference; lastKnownFileType = folder.assetcatalog; path = Images.xcassets; sourceTree = "<group>"; };
		84EE0E941A509C8900E2CB45 /* Base */ = {isa = PBXFileReference; lastKnownFileType = file.xib; name = Base; path = Base.lproj/LaunchScreen.xib; sourceTree = "<group>"; };
		84EE0E9A1A509C8900E2CB45 /* kndooTests.xctest */ = {isa = PBXFileReference; explicitFileType = wrapper.cfbundle; includeInIndex = 0; path = kndooTests.xctest; sourceTree = BUILT_PRODUCTS_DIR; };
		84EE0E9F1A509C8900E2CB45 /* Info.plist */ = {isa = PBXFileReference; lastKnownFileType = text.plist.xml; path = Info.plist; sourceTree = "<group>"; };
		84EE0EA01A509C8900E2CB45 /* kndooTests.m */ = {isa = PBXFileReference; lastKnownFileType = sourcecode.c.objc; path = kndooTests.m; sourceTree = "<group>"; };
/* End PBXFileReference section */

/* Begin PBXFrameworksBuildPhase section */
		84EE0E7E1A509C8800E2CB45 /* Frameworks */ = {
			isa = PBXFrameworksBuildPhase;
			buildActionMask = 2147483647;
			files = (
			);
			runOnlyForDeploymentPostprocessing = 0;
		};
		84EE0E971A509C8900E2CB45 /* Frameworks */ = {
			isa = PBXFrameworksBuildPhase;
			buildActionMask = 2147483647;
			files = (
			);
			runOnlyForDeploymentPostprocessing = 0;
		};
/* End PBXFrameworksBuildPhase section */

/* Begin PBXGroup section */
		84EE0E781A509C8800E2CB45 = {
			isa = PBXGroup;
			children = (
				84EE0E831A509C8800E2CB45 /* kndoo */,
				84EE0E9D1A509C8900E2CB45 /* kndooTests */,
				84EE0E821A509C8800E2CB45 /* Products */,
			);
			sourceTree = "<group>";
		};
		84EE0E821A509C8800E2CB45 /* Products */ = {
			isa = PBXGroup;
			children = (
				84EE0E811A509C8800E2CB45 /* kndoo.app */,
				84EE0E9A1A509C8900E2CB45 /* kndooTests.xctest */,
			);
			name = Products;
			sourceTree = "<group>";
		};
		84EE0E831A509C8800E2CB45 /* kndoo */ = {
			isa = PBXGroup;
			children = (
				84EE0E881A509C8900E2CB45 /* AppDelegate.h */,
				84EE0E891A509C8900E2CB45 /* AppDelegate.m */,
				84EE0E8B1A509C8900E2CB45 /* ViewController.h */,
				84EE0E8C1A509C8900E2CB45 /* ViewController.m */,
				84EE0E8E1A509C8900E2CB45 /* Main.storyboard */,
				84EE0E911A509C8900E2CB45 /* Images.xcassets */,
				84EE0E931A509C8900E2CB45 /* LaunchScreen.xib */,
				84EE0E841A509C8900E2CB45 /* Supporting Files */,
			);
			path = kndoo;
			sourceTree = "<group>";
		};
		84EE0E841A509C8900E2CB45 /* Supporting Files */ = {
			isa = PBXGroup;
			children = (
				84EE0E851A509C8900E2CB45 /* Info.plist */,
				84EE0E861A509C8900E2CB45 /* main.m */,
			);
			name = "Supporting Files";
			sourceTree = "<group>";
		};
		84EE0E9D1A509C8900E2CB45 /* kndooTests */ = {
			isa = PBXGroup;
			children = (
				84EE0EA01A509C8900E2CB45 /* kndooTests.m */,
				84EE0E9E1A509C8900E2CB45 /* Supporting Files */,
			);
			path = kndooTests;
			sourceTree = "<group>";
		};
		84EE0E9E1A509C8900E2CB45 /* Supporting Files */ = {
			isa = PBXGroup;
			children = (
				84EE0E9F1A509C8900E2CB45 /* Info.plist */,
			);
			name = "Supporting Files";
			sourceTree = "<group>";
		};
/* End PBXGroup section */

/* Begin PBXNativeTarget section */
		84EE0E801A509C8800E2CB45 /* kndoo */ = {
			isa = PBXNativeTarget;
			buildConfigurationList = 84EE0EA41A509C8900E2CB45 /* Build configuration list for PBXNativeTarget "kndoo" */;
			buildPhases = (
				84EE0E7D1A509C8800E2CB45 /* Sources */,
				84EE0E7E1A509C8800E2CB45 /* Frameworks */,
				84EE0E7F1A509C8800E2CB45 /* Resources */,
			);
			buildRules = (
			);
			dependencies = (
			);
			name = kndoo;
			productName = kndoo;
			productReference = 84EE0E811A509C8800E2CB45 /* kndoo.app */;
			productType = "com.apple.product-type.application";
		};
		84EE0E991A509C8900E2CB45 /* kndooTests */ = {
			isa = PBXNativeTarget;
			buildConfigurationList = 84EE0EA71A509C8900E2CB45 /* Build configuration list for PBXNativeTarget "kndooTests" */;
			buildPhases = (
				84EE0E961A509C8900E2CB45 /* Sources */,
				84EE0E971A509C8900E2CB45 /* Frameworks */,
				84EE0E981A509C8900E2CB45 /* Resources */,
			);
			buildRules = (
			);
			dependencies = (
				84EE0E9C1A509C8900E2CB45 /* PBXTargetDependency */,
			);
			name = kndooTests;
			productName = kndooTests;
			productReference = 84EE0E9A1A509C8900E2CB45 /* kndooTests.xctest */;
			productType = "com.apple.product-type.bundle.unit-test";
		};
/* End PBXNativeTarget section */

/* Begin PBXProject section */
		84EE0E791A509C8800E2CB45 /* Project object */ = {
			isa = PBXProject;
			attributes = {
				LastUpgradeCheck = 0610;
				ORGANIZATIONNAME = "___byabrik___";
				TargetAttributes = {
					84EE0E801A509C8800E2CB45 = {
						CreatedOnToolsVersion = 6.1.1;
					};
					84EE0E991A509C8900E2CB45 = {
						CreatedOnToolsVersion = 6.1.1;
						TestTargetID = 84EE0E801A509C8800E2CB45;
					};
				};
			};
			buildConfigurationList = 84EE0E7C1A509C8800E2CB45 /* Build configuration list for PBXProject "kndoo" */;
			compatibilityVersion = "Xcode 3.2";
			developmentRegion = English;
			hasScannedForEncodings = 0;
			knownRegions = (
				en,
				Base,
			);
			mainGroup = 84EE0E781A509C8800E2CB45;
			productRefGroup = 84EE0E821A509C8800E2CB45 /* Products */;
			projectDirPath = "";
			projectRoot = "";
			targets = (
				84EE0E801A509C8800E2CB45 /* kndoo */,
				84EE0E991A509C8900E2CB45 /* kndooTests */,
			);
		};
/* End PBXProject section */

/* Begin PBXResourcesBuildPhase section */
		84EE0E7F1A509C8800E2CB45 /* Resources */ = {
			isa = PBXResourcesBuildPhase;
			buildActionMask = 2147483647;
			files = (
				84EE0E901A509C8900E2CB45 /* Main.storyboard in Resources */,
				84EE0E951A509C8900E2CB45 /* LaunchScreen.xib in Resources */,
				84EE0E921A509C8900E2CB45 /* Images.xcassets in Resources */,
			);
			runOnlyForDeploymentPostprocessing = 0;
		};
		84EE0E981A509C8900E2CB45 /* Resources */ = {
			isa = PBXResourcesBuildPhase;
			buildActionMask = 2147483647;
			files = (
			);
			runOnlyForDeploymentPostprocessing = 0;
		};
/* End PBXResourcesBuildPhase section */

/* Begin PBXSourcesBuildPhase section */
		84EE0E7D1A509C8800E2CB45 /* Sources */ = {
			isa = PBXSourcesBuildPhase;
			buildActionMask = 2147483647;
			files = (
				84EE0E8D1A509C8900E2CB45 /* ViewController.m in Sources */,
				84EE0E8A1A509C8900E2CB45 /* AppDelegate.m in Sources */,
				84EE0E871A509C8900E2CB45 /* main.m in Sources */,
			);
			runOnlyForDeploymentPostprocessing = 0;
		};
		84EE0E961A509C8900E2CB45 /* Sources */ = {
			isa = PBXSourcesBuildPhase;
			buildActionMask = 2147483647;
			files = (
				84EE0EA11A509C8900E2CB45 /* kndooTests.m in Sources */,
			);
			runOnlyForDeploymentPostprocessing = 0;
		};
/* End PBXSourcesBuildPhase section */

/* Begin PBXTargetDependency section */
		84EE0E9C1A509C8900E2CB45 /* PBXTargetDependency */ = {
			isa = PBXTargetDependency;
			target = 84EE0E801A509C8800E2CB45 /* kndoo */;
			targetProxy = 84EE0E9B1A509C8900E2CB45 /* PBXContainerItemProxy */;
		};
/* End PBXTargetDependency section */

/* Begin PBXVariantGroup section */
		84EE0E8E1A509C8900E2CB45 /* Main.storyboard */ = {
			isa = PBXVariantGroup;
			children = (
				84EE0E8F1A509C8900E2CB45 /* Base */,
			);
			name = Main.storyboard;
			sourceTree = "<group>";
		};
		84EE0E931A509C8900E2CB45 /* LaunchScreen.xib */ = {
			isa = PBXVariantGroup;
			children = (
				84EE0E941A509C8900E2CB45 /* Base */,
			);
			name = LaunchScreen.xib;
			sourceTree = "<group>";
		};
/* End PBXVariantGroup section */

/* Begin XCBuildConfiguration section */
		84EE0EA21A509C8900E2CB45 /* Debug */ = {
			isa = XCBuildConfiguration;
			buildSettings = {
				ALWAYS_SEARCH_USER_PATHS = NO;
				CLANG_CXX_LANGUAGE_STANDARD = "gnu++0x";
				CLANG_CXX_LIBRARY = "libc++";
				CLANG_ENABLE_MODULES = YES;
				CLANG_ENABLE_OBJC_ARC = YES;
				CLANG_WARN_BOOL_CONVERSION = YES;
				CLANG_WARN_CONSTANT_CONVERSION = YES;
				CLANG_WARN_DIRECT_OBJC_ISA_USAGE = YES_ERROR;
				CLANG_WARN_EMPTY_BODY = YES;
				CLANG_WARN_ENUM_CONVERSION = YES;
				CLANG_WARN_INT_CONVERSION = YES;
				CLANG_WARN_OBJC_ROOT_CLASS = YES_ERROR;
				CLANG_WARN_UNREACHABLE_CODE = YES;
				CLANG_WARN__DUPLICATE_METHOD_MATCH = YES;
				"CODE_SIGN_IDENTITY[sdk=iphoneos*]" = "iPhone Developer";
				COPY_PHASE_STRIP = NO;
				ENABLE_STRICT_OBJC_MSGSEND = YES;
				GCC_C_LANGUAGE_STANDARD = gnu99;
				GCC_DYNAMIC_NO_PIC = NO;
				GCC_OPTIMIZATION_LEVEL = 0;
				GCC_PREPROCESSOR_DEFINITIONS = (
					"DEBUG=1",
					"$(inherited)",
				);
				GCC_SYMBOLS_PRIVATE_EXTERN = NO;
				GCC_WARN_64_TO_32_BIT_CONVERSION = YES;
				GCC_WARN_ABOUT_RETURN_TYPE = YES_ERROR;
				GCC_WARN_UNDECLARED_SELECTOR = YES;
				GCC_WARN_UNINITIALIZED_AUTOS = YES_AGGRESSIVE;
				GCC_WARN_UNUSED_FUNCTION = YES;
				GCC_WARN_UNUSED_VARIABLE = YES;
				IPHONEOS_DEPLOYMENT_TARGET = 8.1;
				MTL_ENABLE_DEBUG_INFO = YES;
				ONLY_ACTIVE_ARCH = YES;
				SDKROOT = iphoneos;
			};
			name = Debug;
		};
		84EE0EA31A509C8900E2CB45 /* Release */ = {
			isa = XCBuildConfiguration;
			buildSettings = {
				ALWAYS_SEARCH_USER_PATHS = NO;
				CLANG_CXX_LANGUAGE_STANDARD = "gnu++0x";
				CLANG_CXX_LIBRARY = "libc++";
				CLANG_ENABLE_MODULES = YES;
				CLANG_ENABLE_OBJC_ARC = YES;
				CLANG_WARN_BOOL_CONVERSION = YES;
				CLANG_WARN_CONSTANT_CONVERSION = YES;
				CLANG_WARN_DIRECT_OBJC_ISA_USAGE = YES_ERROR;
				CLANG_WARN_EMPTY_BODY = YES;
				CLANG_WARN_ENUM_CONVERSION = YES;
				CLANG_WARN_INT_CONVERSION = YES;
				CLANG_WARN_OBJC_ROOT_CLASS = YES_ERROR;
				CLANG_WARN_UNREACHABLE_CODE = YES;
				CLANG_WARN__DUPLICATE_METHOD_MATCH = YES;
				"CODE_SIGN_IDENTITY[sdk=iphoneos*]" = "iPhone Developer";
				COPY_PHASE_STRIP = YES;
				ENABLE_NS_ASSERTIONS = NO;
				ENABLE_STRICT_OBJC_MSGSEND = YES;
				GCC_C_LANGUAGE_STANDARD = gnu99;
				GCC_WARN_64_TO_32_BIT_CONVERSION = YES;
				GCC_WARN_ABOUT_RETURN_TYPE = YES_ERROR;
				GCC_WARN_UNDECLARED_SELECTOR = YES;
				GCC_WARN_UNINITIALIZED_AUTOS = YES_AGGRESSIVE;
				GCC_WARN_UNUSED_FUNCTION = YES;
				GCC_WARN_UNUSED_VARIABLE = YES;
				IPHONEOS_DEPLOYMENT_TARGET = 8.1;
				MTL_ENABLE_DEBUG_INFO = NO;
				SDKROOT = iphoneos;
				VALIDATE_PRODUCT = YES;
			};
			name = Release;
		};
		84EE0EA51A509C8900E2CB45 /* Debug */ = {
			isa = XCBuildConfiguration;
			buildSettings = {
				ASSETCATALOG_COMPILER_APPICON_NAME = AppIcon;
				INFOPLIST_FILE = kndoo/Info.plist;
				LD_RUNPATH_SEARCH_PATHS = "$(inherited) @executable_path/Frameworks";
				PRODUCT_NAME = "$(TARGET_NAME)";
			};
			name = Debug;
		};
		84EE0EA61A509C8900E2CB45 /* Release */ = {
			isa = XCBuildConfiguration;
			buildSettings = {
				ASSETCATALOG_COMPILER_APPICON_NAME = AppIcon;
				INFOPLIST_FILE = kndoo/Info.plist;
				LD_RUNPATH_SEARCH_PATHS = "$(inherited) @executable_path/Frameworks";
				PRODUCT_NAME = "$(TARGET_NAME)";
			};
			name = Release;
		};
		84EE0EA81A509C8900E2CB45 /* Debug */ = {
			isa = XCBuildConfiguration;
			buildSettings = {
				BUNDLE_LOADER = "$(TEST_HOST)";
				FRAMEWORK_SEARCH_PATHS = (
					"$(SDKROOT)/Developer/Library/Frameworks",
					"$(inherited)",
				);
				GCC_PREPROCESSOR_DEFINITIONS = (
					"DEBUG=1",
					"$(inherited)",
				);
				INFOPLIST_FILE = kndooTests/Info.plist;
				LD_RUNPATH_SEARCH_PATHS = "$(inherited) @executable_path/Frameworks @loader_path/Frameworks";
				PRODUCT_NAME = "$(TARGET_NAME)";
				TEST_HOST = "$(BUILT_PRODUCTS_DIR)/kndoo.app/kndoo";
			};
			name = Debug;
		};
		84EE0EA91A509C8900E2CB45 /* Release */ = {
			isa = XCBuildConfiguration;
			buildSettings = {
				BUNDLE_LOADER = "$(TEST_HOST)";
				FRAMEWORK_SEARCH_PATHS = (
					"$(SDKROOT)/Developer/Library/Frameworks",
					"$(inherited)",
				);
				INFOPLIST_FILE = kndooTests/Info.plist;
				LD_RUNPATH_SEARCH_PATHS = "$(inherited) @executable_path/Frameworks @loader_path/Frameworks";
				PRODUCT_NAME = "$(TARGET_NAME)";
				TEST_HOST = "$(BUILT_PRODUCTS_DIR)/kndoo.app/kndoo";
			};
			name = Release;
		};
/* End XCBuildConfiguration section */

/* Begin XCConfigurationList section */
		84EE0E7C1A509C8800E2CB45 /* Build configuration list for PBXProject "kndoo" */ = {
			isa = XCConfigurationList;
			buildConfigurations = (
				84EE0EA21A509C8900E2CB45 /* Debug */,
				84EE0EA31A509C8900E2CB45 /* Release */,
			);
			defaultConfigurationIsVisible = 0;
			defaultConfigurationName = Release;
		};
		84EE0EA41A509C8900E2CB45 /* Build configuration list for PBXNativeTarget "kndoo" */ = {
			isa = XCConfigurationList;
			buildConfigurations = (
				84EE0EA51A509C8900E2CB45 /* Debug */,
				84EE0EA61A509C8900E2CB45 /* Release */,
			);
			defaultConfigurationIsVisible = 0;
		};
		84EE0EA71A509C8900E2CB45 /* Build configuration list for PBXNativeTarget "kndooTests" */ = {
			isa = XCConfigurationList;
			buildConfigurations = (
				84EE0EA81A509C8900E2CB45 /* Debug */,
				84EE0EA91A509C8900E2CB45 /* Release */,
			);
			defaultConfigurationIsVisible = 0;
		};
/* End XCConfigurationList section */
	};
	rootObject = 84EE0E791A509C8800E2CB45 /* Project object */;
}
