// !$*UTF8*$!
{
	archiveVersion = 1;
	classes = {
	};
	objectVersion = 46;
	objects = {

/* Begin PBXBuildFile section */
		8497A87A1A55D76700F09F04 /* videoPic.jpg in Resources */ = {isa = PBXBuildFile; fileRef = 8497A8791A55D76700F09F04 /* videoPic.jpg */; };
		8497A87C1A55D7EE00F09F04 /* userPic.jpg in Resources */ = {isa = PBXBuildFile; fileRef = 8497A87B1A55D7EE00F09F04 /* userPic.jpg */; };
		8497A8811A55F03000F09F04 /* SearchViewController.m in Sources */ = {isa = PBXBuildFile; fileRef = 8497A87F1A55F03000F09F04 /* SearchViewController.m */; };
		8497A8821A55F03000F09F04 /* SearchViewController.xib in Resources */ = {isa = PBXBuildFile; fileRef = 8497A8801A55F03000F09F04 /* SearchViewController.xib */; };
		8498B0581A51D9D400247996 /* doSomething.jpg in Resources */ = {isa = PBXBuildFile; fileRef = 8498B0571A51D9D400247996 /* doSomething.jpg */; };
		8498B05C1A51DEBC00247996 /* PostCell.m in Sources */ = {isa = PBXBuildFile; fileRef = 8498B05B1A51DEBC00247996 /* PostCell.m */; };
		8498B05E1A51DEE000247996 /* PostCell.xib in Resources */ = {isa = PBXBuildFile; fileRef = 8498B05D1A51DEE000247996 /* PostCell.xib */; };
		8499B0AE1A6180F3004787A7 /* PreviewVIew.m in Sources */ = {isa = PBXBuildFile; fileRef = 8499B0AD1A6180F3004787A7 /* PreviewVIew.m */; };
		849CB8FD1A56D0A0007C3B03 /* Utils.m in Sources */ = {isa = PBXBuildFile; fileRef = 849CB8FC1A56D0A0007C3B03 /* Utils.m */; };
		849CB9041A56D34E007C3B03 /* NotificationViewController.m in Sources */ = {isa = PBXBuildFile; fileRef = 849CB9021A56D34E007C3B03 /* NotificationViewController.m */; };
		849CB9051A56D34E007C3B03 /* NotificationViewController.xib in Resources */ = {isa = PBXBuildFile; fileRef = 849CB9031A56D34E007C3B03 /* NotificationViewController.xib */; };
		849CB9091A56D416007C3B03 /* ProfileViewController.m in Sources */ = {isa = PBXBuildFile; fileRef = 849CB9071A56D416007C3B03 /* ProfileViewController.m */; };
		849CB90A1A56D416007C3B03 /* ProfileViewController.xib in Resources */ = {isa = PBXBuildFile; fileRef = 849CB9081A56D416007C3B03 /* ProfileViewController.xib */; };
		849CB90E1A56D45F007C3B03 /* TakeVideoViewController.m in Sources */ = {isa = PBXBuildFile; fileRef = 849CB90C1A56D45F007C3B03 /* TakeVideoViewController.m */; };
		849CB90F1A56D45F007C3B03 /* TakeVideoViewController.xib in Resources */ = {isa = PBXBuildFile; fileRef = 849CB90D1A56D45F007C3B03 /* TakeVideoViewController.xib */; };
		84EE0E871A509C8900E2CB45 /* main.m in Sources */ = {isa = PBXBuildFile; fileRef = 84EE0E861A509C8900E2CB45 /* main.m */; };
		84EE0EA11A509C8900E2CB45 /* kndooTests.m in Sources */ = {isa = PBXBuildFile; fileRef = 84EE0EA01A509C8900E2CB45 /* kndooTests.m */; };
		84EE0EB41A50A0D300E2CB45 /* AppDelegate.m in Sources */ = {isa = PBXBuildFile; fileRef = 84EE0EB31A50A0D300E2CB45 /* AppDelegate.m */; };
		84EE0EB81A50A0DD00E2CB45 /* FeedTableViewController.m in Sources */ = {isa = PBXBuildFile; fileRef = 84EE0EB71A50A0DD00E2CB45 /* FeedTableViewController.m */; };
		84EE0EBA1A50A14200E2CB45 /* FeedTableViewController.xib in Resources */ = {isa = PBXBuildFile; fileRef = 84EE0EB91A50A14200E2CB45 /* FeedTableViewController.xib */; };
		84EE0EBD1A50A8E700E2CB45 /* Main.storyboard in Resources */ = {isa = PBXBuildFile; fileRef = 84EE0EBC1A50A8E700E2CB45 /* Main.storyboard */; };
		84EE0EBF1A50AED900E2CB45 /* Images-2.xcassets in Resources */ = {isa = PBXBuildFile; fileRef = 84EE0EBE1A50AED900E2CB45 /* Images-2.xcassets */; };
		84EE0EC61A50BD0B00E2CB45 /* ios.jpg in Resources */ = {isa = PBXBuildFile; fileRef = 84EE0EC51A50BD0B00E2CB45 /* ios.jpg */; };
		84EE0EDB1A50C11500E2CB45 /* comments_icon.png in Resources */ = {isa = PBXBuildFile; fileRef = 84EE0ECB1A50C11500E2CB45 /* comments_icon.png */; };
		84EE0EDC1A50C11500E2CB45 /* comments_icon@2x.png in Resources */ = {isa = PBXBuildFile; fileRef = 84EE0ECC1A50C11500E2CB45 /* comments_icon@2x.png */; };
		84EE0EDD1A50C11500E2CB45 /* favorite_icon.png in Resources */ = {isa = PBXBuildFile; fileRef = 84EE0ECD1A50C11500E2CB45 /* favorite_icon.png */; };
		84EE0EDE1A50C11500E2CB45 /* favorite_icon@2x.png in Resources */ = {isa = PBXBuildFile; fileRef = 84EE0ECE1A50C11500E2CB45 /* favorite_icon@2x.png */; };
		84EE0EDF1A50C11500E2CB45 /* home_icon.png in Resources */ = {isa = PBXBuildFile; fileRef = 84EE0ECF1A50C11500E2CB45 /* home_icon.png */; };
		84EE0EE01A50C11500E2CB45 /* home_icon@2x.png in Resources */ = {isa = PBXBuildFile; fileRef = 84EE0ED01A50C11500E2CB45 /* home_icon@2x.png */; };
		84EE0EE11A50C11500E2CB45 /* more_icon.png in Resources */ = {isa = PBXBuildFile; fileRef = 84EE0ED11A50C11500E2CB45 /* more_icon.png */; };
		84EE0EE21A50C11500E2CB45 /* more_icon@2x.png in Resources */ = {isa = PBXBuildFile; fileRef = 84EE0ED21A50C11500E2CB45 /* more_icon@2x.png */; };
		84EE0EE31A50C11500E2CB45 /* notification_icon.png in Resources */ = {isa = PBXBuildFile; fileRef = 84EE0ED31A50C11500E2CB45 /* notification_icon.png */; };
		84EE0EE41A50C11500E2CB45 /* notification_icon@2x.png in Resources */ = {isa = PBXBuildFile; fileRef = 84EE0ED41A50C11500E2CB45 /* notification_icon@2x.png */; };
		84EE0EE51A50C11500E2CB45 /* profile_icon.png in Resources */ = {isa = PBXBuildFile; fileRef = 84EE0ED51A50C11500E2CB45 /* profile_icon.png */; };
		84EE0EE61A50C11500E2CB45 /* profile_icon@2x.png in Resources */ = {isa = PBXBuildFile; fileRef = 84EE0ED61A50C11500E2CB45 /* profile_icon@2x.png */; };
		84EE0EE71A50C11500E2CB45 /* search_icon.png in Resources */ = {isa = PBXBuildFile; fileRef = 84EE0ED71A50C11500E2CB45 /* search_icon.png */; };
		84EE0EE81A50C11500E2CB45 /* search_icon@2x.png in Resources */ = {isa = PBXBuildFile; fileRef = 84EE0ED81A50C11500E2CB45 /* search_icon@2x.png */; };
		84EE0EE91A50C11500E2CB45 /* videocam_icon.png in Resources */ = {isa = PBXBuildFile; fileRef = 84EE0ED91A50C11500E2CB45 /* videocam_icon.png */; };
		84EE0EEA1A50C11500E2CB45 /* videocam_icon@2x.png in Resources */ = {isa = PBXBuildFile; fileRef = 84EE0EDA1A50C11500E2CB45 /* videocam_icon@2x.png */; };
/* End PBXBuildFile section */

/* Begin PBXContainerItemProxy section */
		84EE0E9B1A509C8900E2CB45 /* PBXContainerItemProxy */ = {
			isa = PBXContainerItemProxy;
			containerPortal = 84EE0E791A509C8800E2CB45 /* Project object */;
			proxyType = 1;
			remoteGlobalIDString = 84EE0E801A509C8800E2CB45;
			remoteInfo = kndoo;
		};
/* End PBXContainerItemProxy section */

/* Begin PBXCopyFilesBuildPhase section */
		8499B0AA1A617EB8004787A7 /* Embed Frameworks */ = {
			isa = PBXCopyFilesBuildPhase;
			buildActionMask = 2147483647;
			dstPath = "";
			dstSubfolderSpec = 10;
			files = (
			);
			name = "Embed Frameworks";
			runOnlyForDeploymentPostprocessing = 0;
		};
/* End PBXCopyFilesBuildPhase section */

/* Begin PBXFileReference section */
		8497A8791A55D76700F09F04 /* videoPic.jpg */ = {isa = PBXFileReference; lastKnownFileType = image.jpeg; path = videoPic.jpg; sourceTree = "<group>"; };
		8497A87B1A55D7EE00F09F04 /* userPic.jpg */ = {isa = PBXFileReference; lastKnownFileType = image.jpeg; path = userPic.jpg; sourceTree = "<group>"; };
		8497A87E1A55F03000F09F04 /* SearchViewController.h */ = {isa = PBXFileReference; fileEncoding = 4; lastKnownFileType = sourcecode.c.h; path = SearchViewController.h; sourceTree = "<group>"; };
		8497A87F1A55F03000F09F04 /* SearchViewController.m */ = {isa = PBXFileReference; fileEncoding = 4; lastKnownFileType = sourcecode.c.objc; path = SearchViewController.m; sourceTree = "<group>"; };
		8497A8801A55F03000F09F04 /* SearchViewController.xib */ = {isa = PBXFileReference; fileEncoding = 4; lastKnownFileType = file.xib; path = SearchViewController.xib; sourceTree = "<group>"; };
		8498B0571A51D9D400247996 /* doSomething.jpg */ = {isa = PBXFileReference; lastKnownFileType = image.jpeg; path = doSomething.jpg; sourceTree = "<group>"; };
		8498B05A1A51DEBC00247996 /* PostCell.h */ = {isa = PBXFileReference; fileEncoding = 4; lastKnownFileType = sourcecode.c.h; path = PostCell.h; sourceTree = "<group>"; };
		8498B05B1A51DEBC00247996 /* PostCell.m */ = {isa = PBXFileReference; fileEncoding = 4; lastKnownFileType = sourcecode.c.objc; path = PostCell.m; sourceTree = "<group>"; };
		8498B05D1A51DEE000247996 /* PostCell.xib */ = {isa = PBXFileReference; fileEncoding = 4; lastKnownFileType = file.xib; path = PostCell.xib; sourceTree = "<group>"; };
		8499B0AC1A6180F3004787A7 /* PreviewVIew.h */ = {isa = PBXFileReference; fileEncoding = 4; lastKnownFileType = sourcecode.c.h; path = PreviewVIew.h; sourceTree = "<group>"; };
		8499B0AD1A6180F3004787A7 /* PreviewVIew.m */ = {isa = PBXFileReference; fileEncoding = 4; lastKnownFileType = sourcecode.c.objc; path = PreviewVIew.m; sourceTree = "<group>"; };
		849CB8FB1A56D0A0007C3B03 /* Utils.h */ = {isa = PBXFileReference; fileEncoding = 4; lastKnownFileType = sourcecode.c.h; path = Utils.h; sourceTree = "<group>"; };
		849CB8FC1A56D0A0007C3B03 /* Utils.m */ = {isa = PBXFileReference; fileEncoding = 4; lastKnownFileType = sourcecode.c.objc; path = Utils.m; sourceTree = "<group>"; };
		849CB9011A56D34E007C3B03 /* NotificationViewController.h */ = {isa = PBXFileReference; fileEncoding = 4; lastKnownFileType = sourcecode.c.h; path = NotificationViewController.h; sourceTree = "<group>"; };
		849CB9021A56D34E007C3B03 /* NotificationViewController.m */ = {isa = PBXFileReference; fileEncoding = 4; lastKnownFileType = sourcecode.c.objc; path = NotificationViewController.m; sourceTree = "<group>"; };
		849CB9031A56D34E007C3B03 /* NotificationViewController.xib */ = {isa = PBXFileReference; fileEncoding = 4; lastKnownFileType = file.xib; path = NotificationViewController.xib; sourceTree = "<group>"; };
		849CB9061A56D416007C3B03 /* ProfileViewController.h */ = {isa = PBXFileReference; fileEncoding = 4; lastKnownFileType = sourcecode.c.h; path = ProfileViewController.h; sourceTree = "<group>"; };
		849CB9071A56D416007C3B03 /* ProfileViewController.m */ = {isa = PBXFileReference; fileEncoding = 4; lastKnownFileType = sourcecode.c.objc; path = ProfileViewController.m; sourceTree = "<group>"; };
		849CB9081A56D416007C3B03 /* ProfileViewController.xib */ = {isa = PBXFileReference; fileEncoding = 4; lastKnownFileType = file.xib; path = ProfileViewController.xib; sourceTree = "<group>"; };
		849CB90B1A56D45F007C3B03 /* TakeVideoViewController.h */ = {isa = PBXFileReference; fileEncoding = 4; lastKnownFileType = sourcecode.c.h; path = TakeVideoViewController.h; sourceTree = "<group>"; };
		849CB90C1A56D45F007C3B03 /* TakeVideoViewController.m */ = {isa = PBXFileReference; fileEncoding = 4; lastKnownFileType = sourcecode.c.objc; path = TakeVideoViewController.m; sourceTree = "<group>"; };
		849CB90D1A56D45F007C3B03 /* TakeVideoViewController.xib */ = {isa = PBXFileReference; fileEncoding = 4; lastKnownFileType = file.xib; path = TakeVideoViewController.xib; sourceTree = "<group>"; };
		84EE0E811A509C8800E2CB45 /* kndoo.app */ = {isa = PBXFileReference; explicitFileType = wrapper.application; includeInIndex = 0; path = kndoo.app; sourceTree = BUILT_PRODUCTS_DIR; };
		84EE0E851A509C8900E2CB45 /* Info.plist */ = {isa = PBXFileReference; lastKnownFileType = text.plist.xml; path = Info.plist; sourceTree = "<group>"; };
		84EE0E861A509C8900E2CB45 /* main.m */ = {isa = PBXFileReference; lastKnownFileType = sourcecode.c.objc; path = main.m; sourceTree = "<group>"; };
		84EE0E9A1A509C8900E2CB45 /* kndooTests.xctest */ = {isa = PBXFileReference; explicitFileType = wrapper.cfbundle; includeInIndex = 0; path = kndooTests.xctest; sourceTree = BUILT_PRODUCTS_DIR; };
		84EE0E9F1A509C8900E2CB45 /* Info.plist */ = {isa = PBXFileReference; lastKnownFileType = text.plist.xml; path = Info.plist; sourceTree = "<group>"; };
		84EE0EA01A509C8900E2CB45 /* kndooTests.m */ = {isa = PBXFileReference; lastKnownFileType = sourcecode.c.objc; path = kndooTests.m; sourceTree = "<group>"; };
		84EE0EB21A50A0D300E2CB45 /* AppDelegate.h */ = {isa = PBXFileReference; fileEncoding = 4; lastKnownFileType = sourcecode.c.h; path = AppDelegate.h; sourceTree = "<group>"; };
		84EE0EB31A50A0D300E2CB45 /* AppDelegate.m */ = {isa = PBXFileReference; fileEncoding = 4; lastKnownFileType = sourcecode.c.objc; path = AppDelegate.m; sourceTree = "<group>"; };
		84EE0EB61A50A0DD00E2CB45 /* FeedTableViewController.h */ = {isa = PBXFileReference; fileEncoding = 4; lastKnownFileType = sourcecode.c.h; path = FeedTableViewController.h; sourceTree = "<group>"; };
		84EE0EB71A50A0DD00E2CB45 /* FeedTableViewController.m */ = {isa = PBXFileReference; fileEncoding = 4; lastKnownFileType = sourcecode.c.objc; path = FeedTableViewController.m; sourceTree = "<group>"; };
		84EE0EB91A50A14200E2CB45 /* FeedTableViewController.xib */ = {isa = PBXFileReference; fileEncoding = 4; lastKnownFileType = file.xib; path = FeedTableViewController.xib; sourceTree = "<group>"; };
		84EE0EBC1A50A8E700E2CB45 /* Main.storyboard */ = {isa = PBXFileReference; fileEncoding = 4; lastKnownFileType = file.storyboard; path = Main.storyboard; sourceTree = "<group>"; };
		84EE0EBE1A50AED900E2CB45 /* Images-2.xcassets */ = {isa = PBXFileReference; lastKnownFileType = folder.assetcatalog; path = "Images-2.xcassets"; sourceTree = "<group>"; };
		84EE0EC51A50BD0B00E2CB45 /* ios.jpg */ = {isa = PBXFileReference; lastKnownFileType = image.jpeg; path = ios.jpg; sourceTree = "<group>"; };
		84EE0ECA1A50BFF000E2CB45 /* Constants.h */ = {isa = PBXFileReference; lastKnownFileType = sourcecode.c.h; path = Constants.h; sourceTree = "<group>"; };
		84EE0ECB1A50C11500E2CB45 /* comments_icon.png */ = {isa = PBXFileReference; lastKnownFileType = image.png; path = comments_icon.png; sourceTree = "<group>"; };
		84EE0ECC1A50C11500E2CB45 /* comments_icon@2x.png */ = {isa = PBXFileReference; lastKnownFileType = image.png; path = "comments_icon@2x.png"; sourceTree = "<group>"; };
		84EE0ECD1A50C11500E2CB45 /* favorite_icon.png */ = {isa = PBXFileReference; lastKnownFileType = image.png; path = favorite_icon.png; sourceTree = "<group>"; };
		84EE0ECE1A50C11500E2CB45 /* favorite_icon@2x.png */ = {isa = PBXFileReference; lastKnownFileType = image.png; path = "favorite_icon@2x.png"; sourceTree = "<group>"; };
		84EE0ECF1A50C11500E2CB45 /* home_icon.png */ = {isa = PBXFileReference; lastKnownFileType = image.png; path = home_icon.png; sourceTree = "<group>"; };
		84EE0ED01A50C11500E2CB45 /* home_icon@2x.png */ = {isa = PBXFileReference; lastKnownFileType = image.png; path = "home_icon@2x.png"; sourceTree = "<group>"; };
		84EE0ED11A50C11500E2CB45 /* more_icon.png */ = {isa = PBXFileReference; lastKnownFileType = image.png; path = more_icon.png; sourceTree = "<group>"; };
		84EE0ED21A50C11500E2CB45 /* more_icon@2x.png */ = {isa = PBXFileReference; lastKnownFileType = image.png; path = "more_icon@2x.png"; sourceTree = "<group>"; };
		84EE0ED31A50C11500E2CB45 /* notification_icon.png */ = {isa = PBXFileReference; lastKnownFileType = image.png; path = notification_icon.png; sourceTree = "<group>"; };
		84EE0ED41A50C11500E2CB45 /* notification_icon@2x.png */ = {isa = PBXFileReference; lastKnownFileType = image.png; path = "notification_icon@2x.png"; sourceTree = "<group>"; };
		84EE0ED51A50C11500E2CB45 /* profile_icon.png */ = {isa = PBXFileReference; lastKnownFileType = image.png; path = profile_icon.png; sourceTree = "<group>"; };
		84EE0ED61A50C11500E2CB45 /* profile_icon@2x.png */ = {isa = PBXFileReference; lastKnownFileType = image.png; path = "profile_icon@2x.png"; sourceTree = "<group>"; };
		84EE0ED71A50C11500E2CB45 /* search_icon.png */ = {isa = PBXFileReference; lastKnownFileType = image.png; path = search_icon.png; sourceTree = "<group>"; };
		84EE0ED81A50C11500E2CB45 /* search_icon@2x.png */ = {isa = PBXFileReference; lastKnownFileType = image.png; path = "search_icon@2x.png"; sourceTree = "<group>"; };
		84EE0ED91A50C11500E2CB45 /* videocam_icon.png */ = {isa = PBXFileReference; lastKnownFileType = image.png; path = videocam_icon.png; sourceTree = "<group>"; };
		84EE0EDA1A50C11500E2CB45 /* videocam_icon@2x.png */ = {isa = PBXFileReference; lastKnownFileType = image.png; path = "videocam_icon@2x.png"; sourceTree = "<group>"; };
/* End PBXFileReference section */

/* Begin PBXFrameworksBuildPhase section */
		84EE0E7E1A509C8800E2CB45 /* Frameworks */ = {
			isa = PBXFrameworksBuildPhase;
			buildActionMask = 2147483647;
			files = (
			);
			runOnlyForDeploymentPostprocessing = 0;
		};
		84EE0E971A509C8900E2CB45 /* Frameworks */ = {
			isa = PBXFrameworksBuildPhase;
			buildActionMask = 2147483647;
			files = (
			);
			runOnlyForDeploymentPostprocessing = 0;
		};
/* End PBXFrameworksBuildPhase section */

/* Begin PBXGroup section */
		8497A87D1A55EFC200F09F04 /* SearchTableViewController */ = {
			isa = PBXGroup;
			children = (
				8497A87E1A55F03000F09F04 /* SearchViewController.h */,
				8497A87F1A55F03000F09F04 /* SearchViewController.m */,
				8497A8801A55F03000F09F04 /* SearchViewController.xib */,
			);
			path = SearchTableViewController;
			sourceTree = "<group>";
		};
		8498B0591A51DE6200247996 /* PostCell */ = {
			isa = PBXGroup;
			children = (
				8498B05A1A51DEBC00247996 /* PostCell.h */,
				8498B05B1A51DEBC00247996 /* PostCell.m */,
				8498B05D1A51DEE000247996 /* PostCell.xib */,
			);
			path = PostCell;
			sourceTree = "<group>";
		};
		8499B0AB1A6180CC004787A7 /* PreviewView */ = {
			isa = PBXGroup;
			children = (
				8499B0AC1A6180F3004787A7 /* PreviewVIew.h */,
				8499B0AD1A6180F3004787A7 /* PreviewVIew.m */,
			);
			path = PreviewView;
			sourceTree = "<group>";
		};
		849CB8FA1A56D060007C3B03 /* Utils */ = {
			isa = PBXGroup;
			children = (
				849CB8FB1A56D0A0007C3B03 /* Utils.h */,
				849CB8FC1A56D0A0007C3B03 /* Utils.m */,
			);
			path = Utils;
			sourceTree = "<group>";
		};
		849CB8FE1A56D2EE007C3B03 /* NotificationsViewController */ = {
			isa = PBXGroup;
			children = (
				849CB9011A56D34E007C3B03 /* NotificationViewController.h */,
				849CB9021A56D34E007C3B03 /* NotificationViewController.m */,
				849CB9031A56D34E007C3B03 /* NotificationViewController.xib */,
			);
			path = NotificationsViewController;
			sourceTree = "<group>";
		};
		849CB8FF1A56D2EE007C3B03 /* ProfileViewController */ = {
			isa = PBXGroup;
			children = (
				849CB9061A56D416007C3B03 /* ProfileViewController.h */,
				849CB9071A56D416007C3B03 /* ProfileViewController.m */,
				849CB9081A56D416007C3B03 /* ProfileViewController.xib */,
			);
			path = ProfileViewController;
			sourceTree = "<group>";
		};
		849CB9001A56D2EE007C3B03 /* TakeVideoViewController */ = {
			isa = PBXGroup;
			children = (
				8499B0AB1A6180CC004787A7 /* PreviewView */,
				849CB90B1A56D45F007C3B03 /* TakeVideoViewController.h */,
				849CB90C1A56D45F007C3B03 /* TakeVideoViewController.m */,
				849CB90D1A56D45F007C3B03 /* TakeVideoViewController.xib */,
			);
			path = TakeVideoViewController;
			sourceTree = "<group>";
		};
		84EE0E781A509C8800E2CB45 = {
			isa = PBXGroup;
			children = (
				84EE0E831A509C8800E2CB45 /* kndoo */,
				84EE0E9D1A509C8900E2CB45 /* kndooTests */,
				84EE0E821A509C8800E2CB45 /* Products */,
			);
			sourceTree = "<group>";
		};
		84EE0E821A509C8800E2CB45 /* Products */ = {
			isa = PBXGroup;
			children = (
				84EE0E811A509C8800E2CB45 /* kndoo.app */,
				84EE0E9A1A509C8900E2CB45 /* kndooTests.xctest */,
			);
			name = Products;
			sourceTree = "<group>";
		};
		84EE0E831A509C8800E2CB45 /* kndoo */ = {
			isa = PBXGroup;
			children = (
				84EE0EC81A50BFDE00E2CB45 /* Helpers */,
				84EE0EC21A50B3D900E2CB45 /* Images */,
				84EE0EBB1A50A8E700E2CB45 /* StoryBoard */,
				84EE0EAE1A509DED00E2CB45 /* Controllers */,
				84EE0EAA1A509DE400E2CB45 /* AppDelegate */,
				84EE0EBE1A50AED900E2CB45 /* Images-2.xcassets */,
				84EE0E841A509C8900E2CB45 /* Supporting Files */,
			);
			path = kndoo;
			sourceTree = "<group>";
		};
		84EE0E841A509C8900E2CB45 /* Supporting Files */ = {
			isa = PBXGroup;
			children = (
				84EE0E851A509C8900E2CB45 /* Info.plist */,
				84EE0E861A509C8900E2CB45 /* main.m */,
			);
			name = "Supporting Files";
			sourceTree = "<group>";
		};
		84EE0E9D1A509C8900E2CB45 /* kndooTests */ = {
			isa = PBXGroup;
			children = (
				84EE0EA01A509C8900E2CB45 /* kndooTests.m */,
				84EE0E9E1A509C8900E2CB45 /* Supporting Files */,
			);
			path = kndooTests;
			sourceTree = "<group>";
		};
		84EE0E9E1A509C8900E2CB45 /* Supporting Files */ = {
			isa = PBXGroup;
			children = (
				84EE0E9F1A509C8900E2CB45 /* Info.plist */,
			);
			name = "Supporting Files";
			sourceTree = "<group>";
		};
		84EE0EAA1A509DE400E2CB45 /* AppDelegate */ = {
			isa = PBXGroup;
			children = (
				84EE0EB21A50A0D300E2CB45 /* AppDelegate.h */,
				84EE0EB31A50A0D300E2CB45 /* AppDelegate.m */,
			);
			path = AppDelegate;
			sourceTree = "<group>";
		};
		84EE0EAE1A509DED00E2CB45 /* Controllers */ = {
			isa = PBXGroup;
			children = (
				849CB8FE1A56D2EE007C3B03 /* NotificationsViewController */,
				849CB8FF1A56D2EE007C3B03 /* ProfileViewController */,
				849CB9001A56D2EE007C3B03 /* TakeVideoViewController */,
				8497A87D1A55EFC200F09F04 /* SearchTableViewController */,
				84EE0EB51A50A0DD00E2CB45 /* FeedTableViewController */,
			);
			path = Controllers;
			sourceTree = "<group>";
		};
		84EE0EB51A50A0DD00E2CB45 /* FeedTableViewController */ = {
			isa = PBXGroup;
			children = (
				8498B0591A51DE6200247996 /* PostCell */,
				84EE0EB61A50A0DD00E2CB45 /* FeedTableViewController.h */,
				84EE0EB71A50A0DD00E2CB45 /* FeedTableViewController.m */,
				84EE0EB91A50A14200E2CB45 /* FeedTableViewController.xib */,
			);
			path = FeedTableViewController;
			sourceTree = "<group>";
		};
		84EE0EBB1A50A8E700E2CB45 /* StoryBoard */ = {
			isa = PBXGroup;
			children = (
				84EE0EBC1A50A8E700E2CB45 /* Main.storyboard */,
			);
			path = StoryBoard;
			sourceTree = "<group>";
		};
		84EE0EC21A50B3D900E2CB45 /* Images */ = {
			isa = PBXGroup;
			children = (
				8497A87B1A55D7EE00F09F04 /* userPic.jpg */,
				8497A8791A55D76700F09F04 /* videoPic.jpg */,
				8498B0571A51D9D400247996 /* doSomething.jpg */,
				84EE0ECB1A50C11500E2CB45 /* comments_icon.png */,
				84EE0ECC1A50C11500E2CB45 /* comments_icon@2x.png */,
				84EE0ECD1A50C11500E2CB45 /* favorite_icon.png */,
				84EE0ECE1A50C11500E2CB45 /* favorite_icon@2x.png */,
				84EE0ECF1A50C11500E2CB45 /* home_icon.png */,
				84EE0ED01A50C11500E2CB45 /* home_icon@2x.png */,
				84EE0ED11A50C11500E2CB45 /* more_icon.png */,
				84EE0ED21A50C11500E2CB45 /* more_icon@2x.png */,
				84EE0ED31A50C11500E2CB45 /* notification_icon.png */,
				84EE0ED41A50C11500E2CB45 /* notification_icon@2x.png */,
				84EE0ED51A50C11500E2CB45 /* profile_icon.png */,
				84EE0ED61A50C11500E2CB45 /* profile_icon@2x.png */,
				84EE0ED71A50C11500E2CB45 /* search_icon.png */,
				84EE0ED81A50C11500E2CB45 /* search_icon@2x.png */,
				84EE0ED91A50C11500E2CB45 /* videocam_icon.png */,
				84EE0EDA1A50C11500E2CB45 /* videocam_icon@2x.png */,
				84EE0EC51A50BD0B00E2CB45 /* ios.jpg */,
			);
			path = Images;
			sourceTree = "<group>";
		};
		84EE0EC81A50BFDE00E2CB45 /* Helpers */ = {
			isa = PBXGroup;
			children = (
				849CB8FA1A56D060007C3B03 /* Utils */,
				84EE0EC91A50BFDE00E2CB45 /* Constants */,
			);
			path = Helpers;
			sourceTree = "<group>";
		};
		84EE0EC91A50BFDE00E2CB45 /* Constants */ = {
			isa = PBXGroup;
			children = (
				84EE0ECA1A50BFF000E2CB45 /* Constants.h */,
			);
			path = Constants;
			sourceTree = "<group>";
		};
/* End PBXGroup section */

/* Begin PBXNativeTarget section */
		84EE0E801A509C8800E2CB45 /* kndoo */ = {
			isa = PBXNativeTarget;
			buildConfigurationList = 84EE0EA41A509C8900E2CB45 /* Build configuration list for PBXNativeTarget "kndoo" */;
			buildPhases = (
				84EE0E7D1A509C8800E2CB45 /* Sources */,
				84EE0E7E1A509C8800E2CB45 /* Frameworks */,
				84EE0E7F1A509C8800E2CB45 /* Resources */,
				8499B0AA1A617EB8004787A7 /* Embed Frameworks */,
			);
			buildRules = (
			);
			dependencies = (
			);
			name = kndoo;
			productName = kndoo;
			productReference = 84EE0E811A509C8800E2CB45 /* kndoo.app */;
			productType = "com.apple.product-type.application";
		};
		84EE0E991A509C8900E2CB45 /* kndooTests */ = {
			isa = PBXNativeTarget;
			buildConfigurationList = 84EE0EA71A509C8900E2CB45 /* Build configuration list for PBXNativeTarget "kndooTests" */;
			buildPhases = (
				84EE0E961A509C8900E2CB45 /* Sources */,
				84EE0E971A509C8900E2CB45 /* Frameworks */,
				84EE0E981A509C8900E2CB45 /* Resources */,
			);
			buildRules = (
			);
			dependencies = (
				84EE0E9C1A509C8900E2CB45 /* PBXTargetDependency */,
			);
			name = kndooTests;
			productName = kndooTests;
			productReference = 84EE0E9A1A509C8900E2CB45 /* kndooTests.xctest */;
			productType = "com.apple.product-type.bundle.unit-test";
		};
/* End PBXNativeTarget section */

/* Begin PBXProject section */
		84EE0E791A509C8800E2CB45 /* Project object */ = {
			isa = PBXProject;
			attributes = {
				LastUpgradeCheck = 0610;
				ORGANIZATIONNAME = "___byabrik___";
				TargetAttributes = {
					84EE0E801A509C8800E2CB45 = {
						CreatedOnToolsVersion = 6.1.1;
					};
					84EE0E991A509C8900E2CB45 = {
						CreatedOnToolsVersion = 6.1.1;
						TestTargetID = 84EE0E801A509C8800E2CB45;
					};
				};
			};
			buildConfigurationList = 84EE0E7C1A509C8800E2CB45 /* Build configuration list for PBXProject "kndoo" */;
			compatibilityVersion = "Xcode 3.2";
			developmentRegion = English;
			hasScannedForEncodings = 0;
			knownRegions = (
				en,
				Base,
			);
			mainGroup = 84EE0E781A509C8800E2CB45;
			productRefGroup = 84EE0E821A509C8800E2CB45 /* Products */;
			projectDirPath = "";
			projectRoot = "";
			targets = (
				84EE0E801A509C8800E2CB45 /* kndoo */,
				84EE0E991A509C8900E2CB45 /* kndooTests */,
			);
		};
/* End PBXProject section */

/* Begin PBXResourcesBuildPhase section */
		84EE0E7F1A509C8800E2CB45 /* Resources */ = {
			isa = PBXResourcesBuildPhase;
			buildActionMask = 2147483647;
			files = (
				84EE0EBF1A50AED900E2CB45 /* Images-2.xcassets in Resources */,
				84EE0EDE1A50C11500E2CB45 /* favorite_icon@2x.png in Resources */,
				84EE0EDC1A50C11500E2CB45 /* comments_icon@2x.png in Resources */,
				84EE0EE81A50C11500E2CB45 /* search_icon@2x.png in Resources */,
				84EE0EE71A50C11500E2CB45 /* search_icon.png in Resources */,
				84EE0EEA1A50C11500E2CB45 /* videocam_icon@2x.png in Resources */,
				8498B0581A51D9D400247996 /* doSomething.jpg in Resources */,
				84EE0EDD1A50C11500E2CB45 /* favorite_icon.png in Resources */,
				84EE0EE21A50C11500E2CB45 /* more_icon@2x.png in Resources */,
				849CB90A1A56D416007C3B03 /* ProfileViewController.xib in Resources */,
				8498B05E1A51DEE000247996 /* PostCell.xib in Resources */,
				84EE0EE01A50C11500E2CB45 /* home_icon@2x.png in Resources */,
				84EE0EC61A50BD0B00E2CB45 /* ios.jpg in Resources */,
				84EE0EE11A50C11500E2CB45 /* more_icon.png in Resources */,
				8497A8821A55F03000F09F04 /* SearchViewController.xib in Resources */,
				84EE0EDF1A50C11500E2CB45 /* home_icon.png in Resources */,
				84EE0EE61A50C11500E2CB45 /* profile_icon@2x.png in Resources */,
				84EE0EBA1A50A14200E2CB45 /* FeedTableViewController.xib in Resources */,
				84EE0EE31A50C11500E2CB45 /* notification_icon.png in Resources */,
				84EE0EDB1A50C11500E2CB45 /* comments_icon.png in Resources */,
				8497A87A1A55D76700F09F04 /* videoPic.jpg in Resources */,
				84EE0EE91A50C11500E2CB45 /* videocam_icon.png in Resources */,
				84EE0EE41A50C11500E2CB45 /* notification_icon@2x.png in Resources */,
				849CB90F1A56D45F007C3B03 /* TakeVideoViewController.xib in Resources */,
				8497A87C1A55D7EE00F09F04 /* userPic.jpg in Resources */,
				84EE0EE51A50C11500E2CB45 /* profile_icon.png in Resources */,
				84EE0EBD1A50A8E700E2CB45 /* Main.storyboard in Resources */,
				849CB9051A56D34E007C3B03 /* NotificationViewController.xib in Resources */,
			);
			runOnlyForDeploymentPostprocessing = 0;
		};
		84EE0E981A509C8900E2CB45 /* Resources */ = {
			isa = PBXResourcesBuildPhase;
			buildActionMask = 2147483647;
			files = (
			);
			runOnlyForDeploymentPostprocessing = 0;
		};
/* End PBXResourcesBuildPhase section */

/* Begin PBXSourcesBuildPhase section */
		84EE0E7D1A509C8800E2CB45 /* Sources */ = {
			isa = PBXSourcesBuildPhase;
			buildActionMask = 2147483647;
			files = (
				849CB9041A56D34E007C3B03 /* NotificationViewController.m in Sources */,
				84EE0EB41A50A0D300E2CB45 /* AppDelegate.m in Sources */,
				849CB9091A56D416007C3B03 /* ProfileViewController.m in Sources */,
				84EE0E871A509C8900E2CB45 /* main.m in Sources */,
				8497A8811A55F03000F09F04 /* SearchViewController.m in Sources */,
				8499B0AE1A6180F3004787A7 /* PreviewVIew.m in Sources */,
				849CB90E1A56D45F007C3B03 /* TakeVideoViewController.m in Sources */,
				849CB8FD1A56D0A0007C3B03 /* Utils.m in Sources */,
				84EE0EB81A50A0DD00E2CB45 /* FeedTableViewController.m in Sources */,
				8498B05C1A51DEBC00247996 /* PostCell.m in Sources */,
			);
			runOnlyForDeploymentPostprocessing = 0;
		};
		84EE0E961A509C8900E2CB45 /* Sources */ = {
			isa = PBXSourcesBuildPhase;
			buildActionMask = 2147483647;
			files = (
				84EE0EA11A509C8900E2CB45 /* kndooTests.m in Sources */,
			);
			runOnlyForDeploymentPostprocessing = 0;
		};
/* End PBXSourcesBuildPhase section */

/* Begin PBXTargetDependency section */
		84EE0E9C1A509C8900E2CB45 /* PBXTargetDependency */ = {
			isa = PBXTargetDependency;
			target = 84EE0E801A509C8800E2CB45 /* kndoo */;
			targetProxy = 84EE0E9B1A509C8900E2CB45 /* PBXContainerItemProxy */;
		};
/* End PBXTargetDependency section */

/* Begin XCBuildConfiguration section */
		84EE0EA21A509C8900E2CB45 /* Debug */ = {
			isa = XCBuildConfiguration;
			buildSettings = {
				ALWAYS_SEARCH_USER_PATHS = NO;
				CLANG_CXX_LANGUAGE_STANDARD = "gnu++0x";
				CLANG_CXX_LIBRARY = "libc++";
				CLANG_ENABLE_MODULES = YES;
				CLANG_ENABLE_OBJC_ARC = YES;
				CLANG_WARN_BOOL_CONVERSION = YES;
				CLANG_WARN_CONSTANT_CONVERSION = YES;
				CLANG_WARN_DIRECT_OBJC_ISA_USAGE = YES_ERROR;
				CLANG_WARN_EMPTY_BODY = YES;
				CLANG_WARN_ENUM_CONVERSION = YES;
				CLANG_WARN_INT_CONVERSION = YES;
				CLANG_WARN_OBJC_ROOT_CLASS = YES_ERROR;
				CLANG_WARN_UNREACHABLE_CODE = YES;
				CLANG_WARN__DUPLICATE_METHOD_MATCH = YES;
				"CODE_SIGN_IDENTITY[sdk=iphoneos*]" = "iPhone Developer";
				COPY_PHASE_STRIP = NO;
				ENABLE_STRICT_OBJC_MSGSEND = YES;
				GCC_C_LANGUAGE_STANDARD = gnu99;
				GCC_DYNAMIC_NO_PIC = NO;
				GCC_OPTIMIZATION_LEVEL = 0;
				GCC_PREPROCESSOR_DEFINITIONS = (
					"DEBUG=1",
					"$(inherited)",
				);
				GCC_SYMBOLS_PRIVATE_EXTERN = NO;
				GCC_WARN_64_TO_32_BIT_CONVERSION = YES;
				GCC_WARN_ABOUT_RETURN_TYPE = YES_ERROR;
				GCC_WARN_UNDECLARED_SELECTOR = YES;
				GCC_WARN_UNINITIALIZED_AUTOS = YES_AGGRESSIVE;
				GCC_WARN_UNUSED_FUNCTION = YES;
				GCC_WARN_UNUSED_VARIABLE = YES;
				IPHONEOS_DEPLOYMENT_TARGET = 8.1;
				MTL_ENABLE_DEBUG_INFO = YES;
				ONLY_ACTIVE_ARCH = YES;
				SDKROOT = iphoneos;
			};
			name = Debug;
		};
		84EE0EA31A509C8900E2CB45 /* Release */ = {
			isa = XCBuildConfiguration;
			buildSettings = {
				ALWAYS_SEARCH_USER_PATHS = NO;
				CLANG_CXX_LANGUAGE_STANDARD = "gnu++0x";
				CLANG_CXX_LIBRARY = "libc++";
				CLANG_ENABLE_MODULES = YES;
				CLANG_ENABLE_OBJC_ARC = YES;
				CLANG_WARN_BOOL_CONVERSION = YES;
				CLANG_WARN_CONSTANT_CONVERSION = YES;
				CLANG_WARN_DIRECT_OBJC_ISA_USAGE = YES_ERROR;
				CLANG_WARN_EMPTY_BODY = YES;
				CLANG_WARN_ENUM_CONVERSION = YES;
				CLANG_WARN_INT_CONVERSION = YES;
				CLANG_WARN_OBJC_ROOT_CLASS = YES_ERROR;
				CLANG_WARN_UNREACHABLE_CODE = YES;
				CLANG_WARN__DUPLICATE_METHOD_MATCH = YES;
				"CODE_SIGN_IDENTITY[sdk=iphoneos*]" = "iPhone Developer";
				COPY_PHASE_STRIP = YES;
				ENABLE_NS_ASSERTIONS = NO;
				ENABLE_STRICT_OBJC_MSGSEND = YES;
				GCC_C_LANGUAGE_STANDARD = gnu99;
				GCC_WARN_64_TO_32_BIT_CONVERSION = YES;
				GCC_WARN_ABOUT_RETURN_TYPE = YES_ERROR;
				GCC_WARN_UNDECLARED_SELECTOR = YES;
				GCC_WARN_UNINITIALIZED_AUTOS = YES_AGGRESSIVE;
				GCC_WARN_UNUSED_FUNCTION = YES;
				GCC_WARN_UNUSED_VARIABLE = YES;
				IPHONEOS_DEPLOYMENT_TARGET = 8.1;
				MTL_ENABLE_DEBUG_INFO = NO;
				SDKROOT = iphoneos;
				VALIDATE_PRODUCT = YES;
			};
			name = Release;
		};
		84EE0EA51A509C8900E2CB45 /* Debug */ = {
			isa = XCBuildConfiguration;
			buildSettings = {
				ASSETCATALOG_COMPILER_APPICON_NAME = AppIcon;
				ASSETCATALOG_COMPILER_LAUNCHIMAGE_NAME = LaunchImage;
				INFOPLIST_FILE = kndoo/Info.plist;
				IPHONEOS_DEPLOYMENT_TARGET = 7.0;
				LD_RUNPATH_SEARCH_PATHS = "$(inherited) @executable_path/Frameworks";
				PRODUCT_NAME = "$(TARGET_NAME)";
				TARGETED_DEVICE_FAMILY = 1;
			};
			name = Debug;
		};
		84EE0EA61A509C8900E2CB45 /* Release */ = {
			isa = XCBuildConfiguration;
			buildSettings = {
				ASSETCATALOG_COMPILER_APPICON_NAME = AppIcon;
				ASSETCATALOG_COMPILER_LAUNCHIMAGE_NAME = LaunchImage;
				INFOPLIST_FILE = kndoo/Info.plist;
				IPHONEOS_DEPLOYMENT_TARGET = 7.0;
				LD_RUNPATH_SEARCH_PATHS = "$(inherited) @executable_path/Frameworks";
				PRODUCT_NAME = "$(TARGET_NAME)";
				TARGETED_DEVICE_FAMILY = 1;
			};
			name = Release;
		};
		84EE0EA81A509C8900E2CB45 /* Debug */ = {
			isa = XCBuildConfiguration;
			buildSettings = {
				BUNDLE_LOADER = "$(TEST_HOST)";
				FRAMEWORK_SEARCH_PATHS = (
					"$(SDKROOT)/Developer/Library/Frameworks",
					"$(inherited)",
				);
				GCC_PREPROCESSOR_DEFINITIONS = (
					"DEBUG=1",
					"$(inherited)",
				);
				INFOPLIST_FILE = kndooTests/Info.plist;
				LD_RUNPATH_SEARCH_PATHS = "$(inherited) @executable_path/Frameworks @loader_path/Frameworks";
				PRODUCT_NAME = "$(TARGET_NAME)";
				TEST_HOST = "$(BUILT_PRODUCTS_DIR)/kndoo.app/kndoo";
			};
			name = Debug;
		};
		84EE0EA91A509C8900E2CB45 /* Release */ = {
			isa = XCBuildConfiguration;
			buildSettings = {
				BUNDLE_LOADER = "$(TEST_HOST)";
				FRAMEWORK_SEARCH_PATHS = (
					"$(SDKROOT)/Developer/Library/Frameworks",
					"$(inherited)",
				);
				INFOPLIST_FILE = kndooTests/Info.plist;
				LD_RUNPATH_SEARCH_PATHS = "$(inherited) @executable_path/Frameworks @loader_path/Frameworks";
				PRODUCT_NAME = "$(TARGET_NAME)";
				TEST_HOST = "$(BUILT_PRODUCTS_DIR)/kndoo.app/kndoo";
			};
			name = Release;
		};
/* End XCBuildConfiguration section */

/* Begin XCConfigurationList section */
		84EE0E7C1A509C8800E2CB45 /* Build configuration list for PBXProject "kndoo" */ = {
			isa = XCConfigurationList;
			buildConfigurations = (
				84EE0EA21A509C8900E2CB45 /* Debug */,
				84EE0EA31A509C8900E2CB45 /* Release */,
			);
			defaultConfigurationIsVisible = 0;
			defaultConfigurationName = Release;
		};
		84EE0EA41A509C8900E2CB45 /* Build configuration list for PBXNativeTarget "kndoo" */ = {
			isa = XCConfigurationList;
			buildConfigurations = (
				84EE0EA51A509C8900E2CB45 /* Debug */,
				84EE0EA61A509C8900E2CB45 /* Release */,
			);
			defaultConfigurationIsVisible = 0;
			defaultConfigurationName = Release;
		};
		84EE0EA71A509C8900E2CB45 /* Build configuration list for PBXNativeTarget "kndooTests" */ = {
			isa = XCConfigurationList;
			buildConfigurations = (
				84EE0EA81A509C8900E2CB45 /* Debug */,
				84EE0EA91A509C8900E2CB45 /* Release */,
			);
			defaultConfigurationIsVisible = 0;
			defaultConfigurationName = Release;
		};
/* End XCConfigurationList section */
	};
	rootObject = 84EE0E791A509C8800E2CB45 /* Project object */;
}
